
Microsoft Visual Studio Solution File, Format Version 12.00
# Visual Studio Version 17
VisualStudioVersion = 17.13.35913.81
MinimumVisualStudioVersion = 10.0.40219.1
Project("{FAE04EC0-301F-11D3-BF4B-00C04F79EFBC}") = "MyWebApiCoreService", "MyWebApiCoreService\MyWebApiCoreService.csproj", "{A7834458-A8F5-44FC-AE49-FBAB17F56239}"
EndProject
Project("{2150E333-8FDC-42A3-9474-1A3956D46DE8}") = "Solution Items", "Solution Items", "{8EC462FD-D22E-90A8-E5CE-7E832BA40C5D}"
EndProject
Global
	GlobalSection(SolutionConfigurationPlatforms) = preSolution
		Debug|Any CPU = Debug|Any CPU
		Release|Any CPU = Release|Any CPU
	EndGlobalSection
	GlobalSection(ProjectConfigurationPlatforms) = postSolution
		{A7834458-A8F5-44FC-AE49-FBAB17F56239}.Debug|Any CPU.ActiveCfg = Debug|Any CPU
		{A7834458-A8F5-44FC-AE49-FBAB17F56239}.Debug|Any CPU.Build.0 = Debug|Any CPU
		{A7834458-A8F5-44FC-AE49-FBAB17F56239}.Release|Any CPU.ActiveCfg = Release|Any CPU
		{A7834458-A8F5-44FC-AE49-FBAB17F56239}.Release|Any CPU.Build.0 = Release|Any CPU
	EndGlobalSection
	GlobalSection(SolutionProperties) = preSolution
		HideSolutionNode = FALSE
	EndGlobalSection
	GlobalSection(ExtensibilityGlobals) = postSolution
		SolutionGuid = {46636400-2CC5-4BD6-9FE9-9A57166A95A8}
	EndGlobalSection
EndGlobal
